// !$*UTF8*$!
{
	archiveVersion = 1;
	classes = {
	};
	objectVersion = 48;
	objects = {

/* Begin PBXBuildFile section */
		8F96EF1E20329D41006C046D /* AppDelegate.swift in Sources */ = {isa = PBXBuildFile; fileRef = 8F96EF1D20329D41006C046D /* AppDelegate.swift */; };
		8F96EF2020329D41006C046D /* ViewController.swift in Sources */ = {isa = PBXBuildFile; fileRef = 8F96EF1F20329D41006C046D /* ViewController.swift */; };
		8F96EF2320329D41006C046D /* Main.storyboard in Resources */ = {isa = PBXBuildFile; fileRef = 8F96EF2120329D41006C046D /* Main.storyboard */; };
		8F96EF2520329D41006C046D /* Assets.xcassets in Resources */ = {isa = PBXBuildFile; fileRef = 8F96EF2420329D41006C046D /* Assets.xcassets */; };
		8F96EF2820329D41006C046D /* LaunchScreen.storyboard in Resources */ = {isa = PBXBuildFile; fileRef = 8F96EF2620329D41006C046D /* LaunchScreen.storyboard */; };
		8F96EF3320329D41006C046D /* StormViewerTests.swift in Sources */ = {isa = PBXBuildFile; fileRef = 8F96EF3220329D41006C046D /* StormViewerTests.swift */; };
		8F96EF3E20329D41006C046D /* StormViewerUITests.swift in Sources */ = {isa = PBXBuildFile; fileRef = 8F96EF3D20329D41006C046D /* StormViewerUITests.swift */; };
/* End PBXBuildFile section */

/* Begin PBXContainerItemProxy section */
		8F96EF2F20329D41006C046D /* PBXContainerItemProxy */ = {
			isa = PBXContainerItemProxy;
			containerPortal = 8F96EF1220329D41006C046D /* Project object */;
			proxyType = 1;
			remoteGlobalIDString = 8F96EF1920329D41006C046D;
			remoteInfo = StormViewer;
		};
		8F96EF3A20329D41006C046D /* PBXContainerItemProxy */ = {
			isa = PBXContainerItemProxy;
			containerPortal = 8F96EF1220329D41006C046D /* Project object */;
			proxyType = 1;
			remoteGlobalIDString = 8F96EF1920329D41006C046D;
			remoteInfo = StormViewer;
		};
/* End PBXContainerItemProxy section */

/* Begin PBXFileReference section */
		8F96EF1A20329D41006C046D /* StormViewer.app */ = {isa = PBXFileReference; explicitFileType = wrapper.application; includeInIndex = 0; path = StormViewer.app; sourceTree = BUILT_PRODUCTS_DIR; };
		8F96EF1D20329D41006C046D /* AppDelegate.swift */ = {isa = PBXFileReference; lastKnownFileType = sourcecode.swift; path = AppDelegate.swift; sourceTree = "<group>"; };
		8F96EF1F20329D41006C046D /* ViewController.swift */ = {isa = PBXFileReference; lastKnownFileType = sourcecode.swift; path = ViewController.swift; sourceTree = "<group>"; };
		8F96EF2220329D41006C046D /* Base */ = {isa = PBXFileReference; lastKnownFileType = file.storyboard; name = Base; path = Base.lproj/Main.storyboard; sourceTree = "<group>"; };
		8F96EF2420329D41006C046D /* Assets.xcassets */ = {isa = PBXFileReference; lastKnownFileType = folder.assetcatalog; path = Assets.xcassets; sourceTree = "<group>"; };
		8F96EF2720329D41006C046D /* Base */ = {isa = PBXFileReference; lastKnownFileType = file.storyboard; name = Base; path = Base.lproj/LaunchScreen.storyboard; sourceTree = "<group>"; };
		8F96EF2920329D41006C046D /* Info.plist */ = {isa = PBXFileReference; lastKnownFileType = text.plist.xml; path = Info.plist; sourceTree = "<group>"; };
		8F96EF2E20329D41006C046D /* StormViewerTests.xctest */ = {isa = PBXFileReference; explicitFileType = wrapper.cfbundle; includeInIndex = 0; path = StormViewerTests.xctest; sourceTree = BUILT_PRODUCTS_DIR; };
		8F96EF3220329D41006C046D /* StormViewerTests.swift */ = {isa = PBXFileReference; lastKnownFileType = sourcecode.swift; path = StormViewerTests.swift; sourceTree = "<group>"; };
		8F96EF3420329D41006C046D /* Info.plist */ = {isa = PBXFileReference; lastKnownFileType = text.plist.xml; path = Info.plist; sourceTree = "<group>"; };
		8F96EF3920329D41006C046D /* StormViewerUITests.xctest */ = {isa = PBXFileReference; explicitFileType = wrapper.cfbundle; includeInIndex = 0; path = StormViewerUITests.xctest; sourceTree = BUILT_PRODUCTS_DIR; };
		8F96EF3D20329D41006C046D /* StormViewerUITests.swift */ = {isa = PBXFileReference; lastKnownFileType = sourcecode.swift; path = StormViewerUITests.swift; sourceTree = "<group>"; };
		8F96EF3F20329D41006C046D /* Info.plist */ = {isa = PBXFileReference; lastKnownFileType = text.plist.xml; path = Info.plist; sourceTree = "<group>"; };
/* End PBXFileReference section */

/* Begin PBXFrameworksBuildPhase section */
		8F96EF1720329D41006C046D /* Frameworks */ = {
			isa = PBXFrameworksBuildPhase;
			buildActionMask = 2147483647;
			files = (
			);
			runOnlyForDeploymentPostprocessing = 0;
		};
		8F96EF2B20329D41006C046D /* Frameworks */ = {
			isa = PBXFrameworksBuildPhase;
			buildActionMask = 2147483647;
			files = (
			);
			runOnlyForDeploymentPostprocessing = 0;
		};
		8F96EF3620329D41006C046D /* Frameworks */ = {
			isa = PBXFrameworksBuildPhase;
			buildActionMask = 2147483647;
			files = (
			);
			runOnlyForDeploymentPostprocessing = 0;
		};
/* End PBXFrameworksBuildPhase section */

/* Begin PBXGroup section */
		8F96EF1120329D41006C046D = {
			isa = PBXGroup;
			children = (
				8F96EF1C20329D41006C046D /* StormViewer */,
				8F96EF3120329D41006C046D /* StormViewerTests */,
				8F96EF3C20329D41006C046D /* StormViewerUITests */,
				8F96EF1B20329D41006C046D /* Products */,
			);
			sourceTree = "<group>";
		};
		8F96EF1B20329D41006C046D /* Products */ = {
			isa = PBXGroup;
			children = (
				8F96EF1A20329D41006C046D /* StormViewer.app */,
				8F96EF2E20329D41006C046D /* StormViewerTests.xctest */,
				8F96EF3920329D41006C046D /* StormViewerUITests.xctest */,
			);
			name = Products;
			sourceTree = "<group>";
		};
		8F96EF1C20329D41006C046D /* StormViewer */ = {
			isa = PBXGroup;
			children = (
				8F96EF1D20329D41006C046D /* AppDelegate.swift */,
				8F96EF1F20329D41006C046D /* ViewController.swift */,
				8F96EF2120329D41006C046D /* Main.storyboard */,
				8F96EF2420329D41006C046D /* Assets.xcassets */,
				8F96EF2620329D41006C046D /* LaunchScreen.storyboard */,
				8F96EF2920329D41006C046D /* Info.plist */,
			);
			path = StormViewer;
			sourceTree = "<group>";
		};
		8F96EF3120329D41006C046D /* StormViewerTests */ = {
			isa = PBXGroup;
			children = (
				8F96EF3220329D41006C046D /* StormViewerTests.swift */,
				8F96EF3420329D41006C046D /* Info.plist */,
			);
			path = StormViewerTests;
			sourceTree = "<group>";
		};
		8F96EF3C20329D41006C046D /* StormViewerUITests */ = {
			isa = PBXGroup;
			children = (
				8F96EF3D20329D41006C046D /* StormViewerUITests.swift */,
				8F96EF3F20329D41006C046D /* Info.plist */,
			);
			path = StormViewerUITests;
			sourceTree = "<group>";
		};
/* End PBXGroup section */

/* Begin PBXNativeTarget section */
		8F96EF1920329D41006C046D /* StormViewer */ = {
			isa = PBXNativeTarget;
			buildConfigurationList = 8F96EF4220329D41006C046D /* Build configuration list for PBXNativeTarget "StormViewer" */;
			buildPhases = (
				8F96EF1620329D41006C046D /* Sources */,
				8F96EF1720329D41006C046D /* Frameworks */,
				8F96EF1820329D41006C046D /* Resources */,
			);
			buildRules = (
			);
			dependencies = (
			);
			name = StormViewer;
			productName = StormViewer;
			productReference = 8F96EF1A20329D41006C046D /* StormViewer.app */;
			productType = "com.apple.product-type.application";
		};
		8F96EF2D20329D41006C046D /* StormViewerTests */ = {
			isa = PBXNativeTarget;
			buildConfigurationList = 8F96EF4520329D41006C046D /* Build configuration list for PBXNativeTarget "StormViewerTests" */;
			buildPhases = (
				8F96EF2A20329D41006C046D /* Sources */,
				8F96EF2B20329D41006C046D /* Frameworks */,
				8F96EF2C20329D41006C046D /* Resources */,
			);
			buildRules = (
			);
			dependencies = (
				8F96EF3020329D41006C046D /* PBXTargetDependency */,
			);
			name = StormViewerTests;
			productName = StormViewerTests;
			productReference = 8F96EF2E20329D41006C046D /* StormViewerTests.xctest */;
			productType = "com.apple.product-type.bundle.unit-test";
		};
		8F96EF3820329D41006C046D /* StormViewerUITests */ = {
			isa = PBXNativeTarget;
			buildConfigurationList = 8F96EF4820329D41006C046D /* Build configuration list for PBXNativeTarget "StormViewerUITests" */;
			buildPhases = (
				8F96EF3520329D41006C046D /* Sources */,
				8F96EF3620329D41006C046D /* Frameworks */,
				8F96EF3720329D41006C046D /* Resources */,
			);
			buildRules = (
			);
			dependencies = (
				8F96EF3B20329D41006C046D /* PBXTargetDependency */,
			);
			name = StormViewerUITests;
			productName = StormViewerUITests;
			productReference = 8F96EF3920329D41006C046D /* StormViewerUITests.xctest */;
			productType = "com.apple.product-type.bundle.ui-testing";
		};
/* End PBXNativeTarget section */

/* Begin PBXProject section */
		8F96EF1220329D41006C046D /* Project object */ = {
			isa = PBXProject;
			attributes = {
				LastSwiftUpdateCheck = 0920;
				LastUpgradeCheck = 0920;
				ORGANIZATIONNAME = "原野誉大";
				TargetAttributes = {
					8F96EF1920329D41006C046D = {
						CreatedOnToolsVersion = 9.2;
						ProvisioningStyle = Automatic;
					};
					8F96EF2D20329D41006C046D = {
						CreatedOnToolsVersion = 9.2;
						ProvisioningStyle = Automatic;
						TestTargetID = 8F96EF1920329D41006C046D;
					};
					8F96EF3820329D41006C046D = {
						CreatedOnToolsVersion = 9.2;
						ProvisioningStyle = Automatic;
						TestTargetID = 8F96EF1920329D41006C046D;
					};
				};
			};
			buildConfigurationList = 8F96EF1520329D41006C046D /* Build configuration list for PBXProject "StormViewer" */;
			compatibilityVersion = "Xcode 8.0";
			developmentRegion = en;
			hasScannedForEncodings = 0;
			knownRegions = (
				en,
				Base,
			);
			mainGroup = 8F96EF1120329D41006C046D;
			productRefGroup = 8F96EF1B20329D41006C046D /* Products */;
			projectDirPath = "";
			projectRoot = "";
			targets = (
				8F96EF1920329D41006C046D /* StormViewer */,
				8F96EF2D20329D41006C046D /* StormViewerTests */,
				8F96EF3820329D41006C046D /* StormViewerUITests */,
			);
		};
/* End PBXProject section */

/* Begin PBXResourcesBuildPhase section */
		8F96EF1820329D41006C046D /* Resources */ = {
			isa = PBXResourcesBuildPhase;
			buildActionMask = 2147483647;
			files = (
				8F96EF2820329D41006C046D /* LaunchScreen.storyboard in Resources */,
				8F96EF2520329D41006C046D /* Assets.xcassets in Resources */,
				8F96EF2320329D41006C046D /* Main.storyboard in Resources */,
			);
			runOnlyForDeploymentPostprocessing = 0;
		};
		8F96EF2C20329D41006C046D /* Resources */ = {
			isa = PBXResourcesBuildPhase;
			buildActionMask = 2147483647;
			files = (
			);
			runOnlyForDeploymentPostprocessing = 0;
		};
		8F96EF3720329D41006C046D /* Resources */ = {
			isa = PBXResourcesBuildPhase;
			buildActionMask = 2147483647;
			files = (
			);
			runOnlyForDeploymentPostprocessing = 0;
		};
/* End PBXResourcesBuildPhase section */

/* Begin PBXSourcesBuildPhase section */
		8F96EF1620329D41006C046D /* Sources */ = {
			isa = PBXSourcesBuildPhase;
			buildActionMask = 2147483647;
			files = (
				8F96EF2020329D41006C046D /* ViewController.swift in Sources */,
				8F96EF1E20329D41006C046D /* AppDelegate.swift in Sources */,
			);
			runOnlyForDeploymentPostprocessing = 0;
		};
		8F96EF2A20329D41006C046D /* Sources */ = {
			isa = PBXSourcesBuildPhase;
			buildActionMask = 2147483647;
			files = (
				8F96EF3320329D41006C046D /* StormViewerTests.swift in Sources */,
			);
			runOnlyForDeploymentPostprocessing = 0;
		};
		8F96EF3520329D41006C046D /* Sources */ = {
			isa = PBXSourcesBuildPhase;
			buildActionMask = 2147483647;
			files = (
				8F96EF3E20329D41006C046D /* StormViewerUITests.swift in Sources */,
			);
			runOnlyForDeploymentPostprocessing = 0;
		};
/* End PBXSourcesBuildPhase section */

/* Begin PBXTargetDependency section */
		8F96EF3020329D41006C046D /* PBXTargetDependency */ = {
			isa = PBXTargetDependency;
			target = 8F96EF1920329D41006C046D /* StormViewer */;
			targetProxy = 8F96EF2F20329D41006C046D /* PBXContainerItemProxy */;
		};
		8F96EF3B20329D41006C046D /* PBXTargetDependency */ = {
			isa = PBXTargetDependency;
			target = 8F96EF1920329D41006C046D /* StormViewer */;
			targetProxy = 8F96EF3A20329D41006C046D /* PBXContainerItemProxy */;
		};
/* End PBXTargetDependency section */

/* Begin PBXVariantGroup section */
		8F96EF2120329D41006C046D /* Main.storyboard */ = {
			isa = PBXVariantGroup;
			children = (
				8F96EF2220329D41006C046D /* Base */,
			);
			name = Main.storyboard;
			sourceTree = "<group>";
		};
		8F96EF2620329D41006C046D /* LaunchScreen.storyboard */ = {
			isa = PBXVariantGroup;
			children = (
				8F96EF2720329D41006C046D /* Base */,
			);
			name = LaunchScreen.storyboard;
			sourceTree = "<group>";
		};
/* End PBXVariantGroup section */

/* Begin XCBuildConfiguration section */
		8F96EF4020329D41006C046D /* Debug */ = {
			isa = XCBuildConfiguration;
			buildSettings = {
				ALWAYS_SEARCH_USER_PATHS = NO;
				CLANG_ANALYZER_NONNULL = YES;
				CLANG_ANALYZER_NUMBER_OBJECT_CONVERSION = YES_AGGRESSIVE;
				CLANG_CXX_LANGUAGE_STANDARD = "gnu++14";
				CLANG_CXX_LIBRARY = "libc++";
				CLANG_ENABLE_MODULES = YES;
				CLANG_ENABLE_OBJC_ARC = YES;
				CLANG_WARN_BLOCK_CAPTURE_AUTORELEASING = YES;
				CLANG_WARN_BOOL_CONVERSION = YES;
				CLANG_WARN_COMMA = YES;
				CLANG_WARN_CONSTANT_CONVERSION = YES;
				CLANG_WARN_DIRECT_OBJC_ISA_USAGE = YES_ERROR;
				CLANG_WARN_DOCUMENTATION_COMMENTS = YES;
				CLANG_WARN_EMPTY_BODY = YES;
				CLANG_WARN_ENUM_CONVERSION = YES;
				CLANG_WARN_INFINITE_RECURSION = YES;
				CLANG_WARN_INT_CONVERSION = YES;
				CLANG_WARN_NON_LITERAL_NULL_CONVERSION = YES;
				CLANG_WARN_OBJC_LITERAL_CONVERSION = YES;
				CLANG_WARN_OBJC_ROOT_CLASS = YES_ERROR;
				CLANG_WARN_RANGE_LOOP_ANALYSIS = YES;
				CLANG_WARN_STRICT_PROTOTYPES = YES;
				CLANG_WARN_SUSPICIOUS_MOVE = YES;
				CLANG_WARN_UNGUARDED_AVAILABILITY = YES_AGGRESSIVE;
				CLANG_WARN_UNREACHABLE_CODE = YES;
				CLANG_WARN__DUPLICATE_METHOD_MATCH = YES;
				CODE_SIGN_IDENTITY = "iPhone Developer";
				COPY_PHASE_STRIP = NO;
				DEBUG_INFORMATION_FORMAT = dwarf;
				ENABLE_STRICT_OBJC_MSGSEND = YES;
				ENABLE_TESTABILITY = YES;
				GCC_C_LANGUAGE_STANDARD = gnu11;
				GCC_DYNAMIC_NO_PIC = NO;
				GCC_NO_COMMON_BLOCKS = YES;
				GCC_OPTIMIZATION_LEVEL = 0;
				GCC_PREPROCESSOR_DEFINITIONS = (
					"DEBUG=1",
					"$(inherited)",
				);
				GCC_WARN_64_TO_32_BIT_CONVERSION = YES;
				GCC_WARN_ABOUT_RETURN_TYPE = YES_ERROR;
				GCC_WARN_UNDECLARED_SELECTOR = YES;
				GCC_WARN_UNINITIALIZED_AUTOS = YES_AGGRESSIVE;
				GCC_WARN_UNUSED_FUNCTION = YES;
				GCC_WARN_UNUSED_VARIABLE = YES;
				IPHONEOS_DEPLOYMENT_TARGET = 11.2;
				MTL_ENABLE_DEBUG_INFO = YES;
				ONLY_ACTIVE_ARCH = YES;
				SDKROOT = iphoneos;
				SWIFT_ACTIVE_COMPILATION_CONDITIONS = DEBUG;
				SWIFT_OPTIMIZATION_LEVEL = "-Onone";
			};
			name = Debug;
		};
		8F96EF4120329D41006C046D /* Release */ = {
			isa = XCBuildConfiguration;
			buildSettings = {
				ALWAYS_SEARCH_USER_PATHS = NO;
				CLANG_ANALYZER_NONNULL = YES;
				CLANG_ANALYZER_NUMBER_OBJECT_CONVERSION = YES_AGGRESSIVE;
				CLANG_CXX_LANGUAGE_STANDARD = "gnu++14";
				CLANG_CXX_LIBRARY = "libc++";
				CLANG_ENABLE_MODULES = YES;
				CLANG_ENABLE_OBJC_ARC = YES;
				CLANG_WARN_BLOCK_CAPTURE_AUTORELEASING = YES;
				CLANG_WARN_BOOL_CONVERSION = YES;
				CLANG_WARN_COMMA = YES;
				CLANG_WARN_CONSTANT_CONVERSION = YES;
				CLANG_WARN_DIRECT_OBJC_ISA_USAGE = YES_ERROR;
				CLANG_WARN_DOCUMENTATION_COMMENTS = YES;
				CLANG_WARN_EMPTY_BODY = YES;
				CLANG_WARN_ENUM_CONVERSION = YES;
				CLANG_WARN_INFINITE_RECURSION = YES;
				CLANG_WARN_INT_CONVERSION = YES;
				CLANG_WARN_NON_LITERAL_NULL_CONVERSION = YES;
				CLANG_WARN_OBJC_LITERAL_CONVERSION = YES;
				CLANG_WARN_OBJC_ROOT_CLASS = YES_ERROR;
				CLANG_WARN_RANGE_LOOP_ANALYSIS = YES;
				CLANG_WARN_STRICT_PROTOTYPES = YES;
				CLANG_WARN_SUSPICIOUS_MOVE = YES;
				CLANG_WARN_UNGUARDED_AVAILABILITY = YES_AGGRESSIVE;
				CLANG_WARN_UNREACHABLE_CODE = YES;
				CLANG_WARN__DUPLICATE_METHOD_MATCH = YES;
				CODE_SIGN_IDENTITY = "iPhone Developer";
				COPY_PHASE_STRIP = NO;
				DEBUG_INFORMATION_FORMAT = "dwarf-with-dsym";
				ENABLE_NS_ASSERTIONS = NO;
				ENABLE_STRICT_OBJC_MSGSEND = YES;
				GCC_C_LANGUAGE_STANDARD = gnu11;
				GCC_NO_COMMON_BLOCKS = YES;
				GCC_WARN_64_TO_32_BIT_CONVERSION = YES;
				GCC_WARN_ABOUT_RETURN_TYPE = YES_ERROR;
				GCC_WARN_UNDECLARED_SELECTOR = YES;
				GCC_WARN_UNINITIALIZED_AUTOS = YES_AGGRESSIVE;
				GCC_WARN_UNUSED_FUNCTION = YES;
				GCC_WARN_UNUSED_VARIABLE = YES;
				IPHONEOS_DEPLOYMENT_TARGET = 11.2;
				MTL_ENABLE_DEBUG_INFO = NO;
				SDKROOT = iphoneos;
				SWIFT_OPTIMIZATION_LEVEL = "-Owholemodule";
				VALIDATE_PRODUCT = YES;
			};
			name = Release;
		};
		8F96EF4320329D41006C046D /* Debug */ = {
			isa = XCBuildConfiguration;
			buildSettings = {
				ASSETCATALOG_COMPILER_APPICON_NAME = AppIcon;
				CODE_SIGN_STYLE = Automatic;
				INFOPLIST_FILE = StormViewer/Info.plist;
				LD_RUNPATH_SEARCH_PATHS = "$(inherited) @executable_path/Frameworks";
				PRODUCT_BUNDLE_IDENTIFIER = com.google.homahi0128.StormViewer;
				PRODUCT_NAME = "$(TARGET_NAME)";
				SWIFT_VERSION = 4.0;
				TARGETED_DEVICE_FAMILY = "1,2";
			};
			name = Debug;
		};
		8F96EF4420329D41006C046D /* Release */ = {
			isa = XCBuildConfiguration;
			buildSettings = {
				ASSETCATALOG_COMPILER_APPICON_NAME = AppIcon;
				CODE_SIGN_STYLE = Automatic;
				INFOPLIST_FILE = StormViewer/Info.plist;
				LD_RUNPATH_SEARCH_PATHS = "$(inherited) @executable_path/Frameworks";
				PRODUCT_BUNDLE_IDENTIFIER = com.google.homahi0128.StormViewer;
				PRODUCT_NAME = "$(TARGET_NAME)";
				SWIFT_VERSION = 4.0;
				TARGETED_DEVICE_FAMILY = "1,2";
			};
			name = Release;
		};
		8F96EF4620329D41006C046D /* Debug */ = {
			isa = XCBuildConfiguration;
			buildSettings = {
				ALWAYS_EMBED_SWIFT_STANDARD_LIBRARIES = YES;
				BUNDLE_LOADER = "$(TEST_HOST)";
				CODE_SIGN_STYLE = Automatic;
				INFOPLIST_FILE = StormViewerTests/Info.plist;
				LD_RUNPATH_SEARCH_PATHS = "$(inherited) @executable_path/Frameworks @loader_path/Frameworks";
				PRODUCT_BUNDLE_IDENTIFIER = com.google.homahi0128.StormViewerTests;
				PRODUCT_NAME = "$(TARGET_NAME)";
				SWIFT_VERSION = 4.0;
				TARGETED_DEVICE_FAMILY = "1,2";
				TEST_HOST = "$(BUILT_PRODUCTS_DIR)/StormViewer.app/StormViewer";
			};
			name = Debug;
		};
		8F96EF4720329D41006C046D /* Release */ = {
			isa = XCBuildConfiguration;
			buildSettings = {
				ALWAYS_EMBED_SWIFT_STANDARD_LIBRARIES = YES;
				BUNDLE_LOADER = "$(TEST_HOST)";
				CODE_SIGN_STYLE = Automatic;
				INFOPLIST_FILE = StormViewerTests/Info.plist;
				LD_RUNPATH_SEARCH_PATHS = "$(inherited) @executable_path/Frameworks @loader_path/Frameworks";
				PRODUCT_BUNDLE_IDENTIFIER = com.google.homahi0128.StormViewerTests;
				PRODUCT_NAME = "$(TARGET_NAME)";
				SWIFT_VERSION = 4.0;
				TARGETED_DEVICE_FAMILY = "1,2";
				TEST_HOST = "$(BUILT_PRODUCTS_DIR)/StormViewer.app/StormViewer";
			};
			name = Release;
		};
		8F96EF4920329D41006C046D /* Debug */ = {
			isa = XCBuildConfiguration;
			buildSettings = {
				ALWAYS_EMBED_SWIFT_STANDARD_LIBRARIES = YES;
				CODE_SIGN_STYLE = Automatic;
				INFOPLIST_FILE = StormViewerUITests/Info.plist;
				LD_RUNPATH_SEARCH_PATHS = "$(inherited) @executable_path/Frameworks @loader_path/Frameworks";
				PRODUCT_BUNDLE_IDENTIFIER = com.google.homahi0128.StormViewerUITests;
				PRODUCT_NAME = "$(TARGET_NAME)";
				SWIFT_VERSION = 4.0;
				TARGETED_DEVICE_FAMILY = "1,2";
				TEST_TARGET_NAME = StormViewer;
			};
			name = Debug;
		};
		8F96EF4A20329D41006C046D /* Release */ = {
			isa = XCBuildConfiguration;
			buildSettings = {
				ALWAYS_EMBED_SWIFT_STANDARD_LIBRARIES = YES;
				CODE_SIGN_STYLE = Automatic;
				INFOPLIST_FILE = StormViewerUITests/Info.plist;
				LD_RUNPATH_SEARCH_PATHS = "$(inherited) @executable_path/Frameworks @loader_path/Frameworks";
				PRODUCT_BUNDLE_IDENTIFIER = com.google.homahi0128.StormViewerUITests;
				PRODUCT_NAME = "$(TARGET_NAME)";
				SWIFT_VERSION = 4.0;
				TARGETED_DEVICE_FAMILY = "1,2";
				TEST_TARGET_NAME = StormViewer;
			};
			name = Release;
		};
/* End XCBuildConfiguration section */

/* Begin XCConfigurationList section */
		8F96EF1520329D41006C046D /* Build configuration list for PBXProject "StormViewer" */ = {
			isa = XCConfigurationList;
			buildConfigurations = (
				8F96EF4020329D41006C046D /* Debug */,
				8F96EF4120329D41006C046D /* Release */,
			);
			defaultConfigurationIsVisible = 0;
			defaultConfigurationName = Release;
		};
		8F96EF4220329D41006C046D /* Build configuration list for PBXNativeTarget "StormViewer" */ = {
			isa = XCConfigurationList;
			buildConfigurations = (
				8F96EF4320329D41006C046D /* Debug */,
				8F96EF4420329D41006C046D /* Release */,
			);
			defaultConfigurationIsVisible = 0;
			defaultConfigurationName = Release;
		};
		8F96EF4520329D41006C046D /* Build configuration list for PBXNativeTarget "StormViewerTests" */ = {
			isa = XCConfigurationList;
			buildConfigurations = (
				8F96EF4620329D41006C046D /* Debug */,
				8F96EF4720329D41006C046D /* Release */,
			);
			defaultConfigurationIsVisible = 0;
			defaultConfigurationName = Release;
		};
		8F96EF4820329D41006C046D /* Build configuration list for PBXNativeTarget "StormViewerUITests" */ = {
			isa = XCConfigurationList;
			buildConfigurations = (
				8F96EF4920329D41006C046D /* Debug */,
				8F96EF4A20329D41006C046D /* Release */,
			);
			defaultConfigurationIsVisible = 0;
			defaultConfigurationName = Release;
		};
/* End XCConfigurationList section */
	};
	rootObject = 8F96EF1220329D41006C046D /* Project object */;
}
